
Microsoft Visual Studio Solution File, Format Version 12.00
# Visual Studio Version 17
VisualStudioVersion = 17.6.33829.357
MinimumVisualStudioVersion = 10.0.40219.1
Project("{FAE04EC0-301F-11D3-BF4B-00C04F79EFBC}") = "MagicVilla_VillaAPI", "MagicVilla_VillaAPI\MagicVilla_VillaAPI.csproj", "{17B37EA9-BD84-4477-8133-0A2FD2AB39BB}"
EndProject
Global
	GlobalSection(SolutionConfigurationPlatforms) = preSolution
		Debug|Any CPU = Debug|Any CPU
		Release|Any CPU = Release|Any CPU
	EndGlobalSection
	GlobalSection(ProjectConfigurationPlatforms) = postSolution
		{17B37EA9-BD84-4477-8133-0A2FD2AB39BB}.Debug|Any CPU.ActiveCfg = Debug|Any CPU
		{17B37EA9-BD84-4477-8133-0A2FD2AB39BB}.Debug|Any CPU.Build.0 = Debug|Any CPU
		{17B37EA9-BD84-4477-8133-0A2FD2AB39BB}.Release|Any CPU.ActiveCfg = Release|Any CPU
		{17B37EA9-BD84-4477-8133-0A2FD2AB39BB}.Release|Any CPU.Build.0 = Release|Any CPU
	EndGlobalSection
	GlobalSection(SolutionProperties) = preSolution
		HideSolutionNode = FALSE
	EndGlobalSection
	GlobalSection(ExtensibilityGlobals) = postSolution
		SolutionGuid = {1CE0B493-6CEA-46D8-BE5C-5C318BAABFF4}
	EndGlobalSection
EndGlobal
